
Microsoft Visual Studio Solution File, Format Version 12.00
Project("{FAE04EC0-301F-11D3-BF4B-00C04F79EFBC}") = "teste", "teste\teste.csproj", "{6E332A0A-C212-4865-A144-36E8BCD78A16}"
EndProject
Global
	GlobalSection(SolutionConfigurationPlatforms) = preSolution
		Debug|Any CPU = Debug|Any CPU
		Release|Any CPU = Release|Any CPU
	EndGlobalSection
	GlobalSection(ProjectConfigurationPlatforms) = postSolution
		{6E332A0A-C212-4865-A144-36E8BCD78A16}.Debug|Any CPU.ActiveCfg = Debug|Any CPU
		{6E332A0A-C212-4865-A144-36E8BCD78A16}.Debug|Any CPU.Build.0 = Debug|Any CPU
		{6E332A0A-C212-4865-A144-36E8BCD78A16}.Release|Any CPU.ActiveCfg = Release|Any CPU
		{6E332A0A-C212-4865-A144-36E8BCD78A16}.Release|Any CPU.Build.0 = Release|Any CPU
	EndGlobalSection
EndGlobal
